// !$*UTF8*$!
{
	archiveVersion = 1;
	classes = {
	};
	objectVersion = 46;
	objects = {

/* Begin PBXBuildFile section */
		B023F3E2199475D900FCEB17 /* SGProtocols.m in Sources */ = {isa = PBXBuildFile; fileRef = B023F3E1199475D900FCEB17 /* SGProtocols.m */; };
		B023F3E51994843600FCEB17 /* SGEditViewController.m in Sources */ = {isa = PBXBuildFile; fileRef = B023F3E41994843600FCEB17 /* SGEditViewController.m */; };
		B040BA1019846A6E00B1DEA5 /* Foundation.framework in Frameworks */ = {isa = PBXBuildFile; fileRef = B040BA0F19846A6E00B1DEA5 /* Foundation.framework */; };
		B040BA1219846A6E00B1DEA5 /* CoreGraphics.framework in Frameworks */ = {isa = PBXBuildFile; fileRef = B040BA1119846A6E00B1DEA5 /* CoreGraphics.framework */; };
		B040BA1419846A6E00B1DEA5 /* UIKit.framework in Frameworks */ = {isa = PBXBuildFile; fileRef = B040BA1319846A6E00B1DEA5 /* UIKit.framework */; };
		B040BA1A19846A6E00B1DEA5 /* InfoPlist.strings in Resources */ = {isa = PBXBuildFile; fileRef = B040BA1819846A6E00B1DEA5 /* InfoPlist.strings */; };
		B040BA1C19846A6E00B1DEA5 /* main.m in Sources */ = {isa = PBXBuildFile; fileRef = B040BA1B19846A6E00B1DEA5 /* main.m */; };
		B040BA2019846A6E00B1DEA5 /* SGAppDelegate.m in Sources */ = {isa = PBXBuildFile; fileRef = B040BA1F19846A6E00B1DEA5 /* SGAppDelegate.m */; };
		B040BA2319846A6E00B1DEA5 /* Main.storyboard in Resources */ = {isa = PBXBuildFile; fileRef = B040BA2119846A6E00B1DEA5 /* Main.storyboard */; };
		B040BA2819846A6E00B1DEA5 /* Images.xcassets in Resources */ = {isa = PBXBuildFile; fileRef = B040BA2719846A6E00B1DEA5 /* Images.xcassets */; };
		B040BA2F19846A6E00B1DEA5 /* XCTest.framework in Frameworks */ = {isa = PBXBuildFile; fileRef = B040BA2E19846A6E00B1DEA5 /* XCTest.framework */; };
		B040BA3019846A6E00B1DEA5 /* Foundation.framework in Frameworks */ = {isa = PBXBuildFile; fileRef = B040BA0F19846A6E00B1DEA5 /* Foundation.framework */; };
		B040BA3119846A6E00B1DEA5 /* UIKit.framework in Frameworks */ = {isa = PBXBuildFile; fileRef = B040BA1319846A6E00B1DEA5 /* UIKit.framework */; };
		B040BA3919846A6E00B1DEA5 /* InfoPlist.strings in Resources */ = {isa = PBXBuildFile; fileRef = B040BA3719846A6E00B1DEA5 /* InfoPlist.strings */; };
		B040BA3B19846A6E00B1DEA5 /* LivroReceitasUICTests.m in Sources */ = {isa = PBXBuildFile; fileRef = B040BA3A19846A6E00B1DEA5 /* LivroReceitasUICTests.m */; };
		B040BA4719846E1900B1DEA5 /* SGCollectionViewController.m in Sources */ = {isa = PBXBuildFile; fileRef = B040BA4619846E1900B1DEA5 /* SGCollectionViewController.m */; };
		B040BA4A1984796700B1DEA5 /* SGReceita.m in Sources */ = {isa = PBXBuildFile; fileRef = B040BA491984796700B1DEA5 /* SGReceita.m */; };
		B040BA4D198488FA00B1DEA5 /* SGCollectionViewCell.m in Sources */ = {isa = PBXBuildFile; fileRef = B040BA4C198488FA00B1DEA5 /* SGCollectionViewCell.m */; };
		B040BA5019848EB100B1DEA5 /* SGDetailsViewController.m in Sources */ = {isa = PBXBuildFile; fileRef = B040BA4F19848EB100B1DEA5 /* SGDetailsViewController.m */; };
		B05EFABF1997A1EC001006DA /* SGAddProcedimentoViewController.m in Sources */ = {isa = PBXBuildFile; fileRef = B05EFABE1997A1EC001006DA /* SGAddProcedimentoViewController.m */; };
		B070407F1991625900D45103 /* SGAddViewController.m in Sources */ = {isa = PBXBuildFile; fileRef = B070407E1991625900D45103 /* SGAddViewController.m */; };
		B0B5998A199674EA00D8A89A /* SGAddIngredienteViewController.m in Sources */ = {isa = PBXBuildFile; fileRef = B0B59989199674EA00D8A89A /* SGAddIngredienteViewController.m */; };
		B0B599911996781800D8A89A /* UIViewController+UIViewController_OrientationFix.m in Sources */ = {isa = PBXBuildFile; fileRef = B0B599901996781800D8A89A /* UIViewController+UIViewController_OrientationFix.m */; };
		B0B599941996785000D8A89A /* UIImagePickerController+UIImagePickerController_OrientationFix.m in Sources */ = {isa = PBXBuildFile; fileRef = B0B599931996785000D8A89A /* UIImagePickerController+UIImagePickerController_OrientationFix.m */; };
/* End PBXBuildFile section */

/* Begin PBXContainerItemProxy section */
		B040BA3219846A6E00B1DEA5 /* PBXContainerItemProxy */ = {
			isa = PBXContainerItemProxy;
			containerPortal = B040BA0419846A6E00B1DEA5 /* Project object */;
			proxyType = 1;
			remoteGlobalIDString = B040BA0B19846A6E00B1DEA5;
			remoteInfo = LivroReceitasUIC;
		};
/* End PBXContainerItemProxy section */

/* Begin PBXFileReference section */
		B023F3E0199475D900FCEB17 /* SGProtocols.h */ = {isa = PBXFileReference; fileEncoding = 4; lastKnownFileType = sourcecode.c.h; path = SGProtocols.h; sourceTree = "<group>"; };
		B023F3E1199475D900FCEB17 /* SGProtocols.m */ = {isa = PBXFileReference; fileEncoding = 4; lastKnownFileType = sourcecode.c.objc; path = SGProtocols.m; sourceTree = "<group>"; };
		B023F3E31994843600FCEB17 /* SGEditViewController.h */ = {isa = PBXFileReference; fileEncoding = 4; lastKnownFileType = sourcecode.c.h; path = SGEditViewController.h; sourceTree = "<group>"; };
		B023F3E41994843600FCEB17 /* SGEditViewController.m */ = {isa = PBXFileReference; fileEncoding = 4; lastKnownFileType = sourcecode.c.objc; path = SGEditViewController.m; sourceTree = "<group>"; };
		B040BA0C19846A6E00B1DEA5 /* Livro de Receitas.app */ = {isa = PBXFileReference; explicitFileType = wrapper.application; includeInIndex = 0; path = "Livro de Receitas.app"; sourceTree = BUILT_PRODUCTS_DIR; };
		B040BA0F19846A6E00B1DEA5 /* Foundation.framework */ = {isa = PBXFileReference; lastKnownFileType = wrapper.framework; name = Foundation.framework; path = System/Library/Frameworks/Foundation.framework; sourceTree = SDKROOT; };
		B040BA1119846A6E00B1DEA5 /* CoreGraphics.framework */ = {isa = PBXFileReference; lastKnownFileType = wrapper.framework; name = CoreGraphics.framework; path = System/Library/Frameworks/CoreGraphics.framework; sourceTree = SDKROOT; };
		B040BA1319846A6E00B1DEA5 /* UIKit.framework */ = {isa = PBXFileReference; lastKnownFileType = wrapper.framework; name = UIKit.framework; path = System/Library/Frameworks/UIKit.framework; sourceTree = SDKROOT; };
		B040BA1719846A6E00B1DEA5 /* LivroReceitasUIC-Info.plist */ = {isa = PBXFileReference; lastKnownFileType = text.plist.xml; path = "LivroReceitasUIC-Info.plist"; sourceTree = "<group>"; };
		B040BA1919846A6E00B1DEA5 /* en */ = {isa = PBXFileReference; lastKnownFileType = text.plist.strings; name = en; path = en.lproj/InfoPlist.strings; sourceTree = "<group>"; };
		B040BA1B19846A6E00B1DEA5 /* main.m */ = {isa = PBXFileReference; lastKnownFileType = sourcecode.c.objc; path = main.m; sourceTree = "<group>"; };
		B040BA1D19846A6E00B1DEA5 /* LivroReceitasUIC-Prefix.pch */ = {isa = PBXFileReference; lastKnownFileType = sourcecode.c.h; path = "LivroReceitasUIC-Prefix.pch"; sourceTree = "<group>"; };
		B040BA1E19846A6E00B1DEA5 /* SGAppDelegate.h */ = {isa = PBXFileReference; lastKnownFileType = sourcecode.c.h; path = SGAppDelegate.h; sourceTree = "<group>"; };
		B040BA1F19846A6E00B1DEA5 /* SGAppDelegate.m */ = {isa = PBXFileReference; lastKnownFileType = sourcecode.c.objc; path = SGAppDelegate.m; sourceTree = "<group>"; };
		B040BA2219846A6E00B1DEA5 /* Base */ = {isa = PBXFileReference; lastKnownFileType = file.storyboard; name = Base; path = Base.lproj/Main.storyboard; sourceTree = "<group>"; };
		B040BA2719846A6E00B1DEA5 /* Images.xcassets */ = {isa = PBXFileReference; lastKnownFileType = folder.assetcatalog; path = Images.xcassets; sourceTree = "<group>"; };
		B040BA2D19846A6E00B1DEA5 /* LivroReceitasUICTests.xctest */ = {isa = PBXFileReference; explicitFileType = wrapper.cfbundle; includeInIndex = 0; path = LivroReceitasUICTests.xctest; sourceTree = BUILT_PRODUCTS_DIR; };
		B040BA2E19846A6E00B1DEA5 /* XCTest.framework */ = {isa = PBXFileReference; lastKnownFileType = wrapper.framework; name = XCTest.framework; path = Library/Frameworks/XCTest.framework; sourceTree = DEVELOPER_DIR; };
		B040BA3619846A6E00B1DEA5 /* LivroReceitasUICTests-Info.plist */ = {isa = PBXFileReference; lastKnownFileType = text.plist.xml; path = "LivroReceitasUICTests-Info.plist"; sourceTree = "<group>"; };
		B040BA3819846A6E00B1DEA5 /* en */ = {isa = PBXFileReference; lastKnownFileType = text.plist.strings; name = en; path = en.lproj/InfoPlist.strings; sourceTree = "<group>"; };
		B040BA3A19846A6E00B1DEA5 /* LivroReceitasUICTests.m */ = {isa = PBXFileReference; lastKnownFileType = sourcecode.c.objc; path = LivroReceitasUICTests.m; sourceTree = "<group>"; };
		B040BA4519846E1900B1DEA5 /* SGCollectionViewController.h */ = {isa = PBXFileReference; fileEncoding = 4; lastKnownFileType = sourcecode.c.h; path = SGCollectionViewController.h; sourceTree = "<group>"; };
		B040BA4619846E1900B1DEA5 /* SGCollectionViewController.m */ = {isa = PBXFileReference; fileEncoding = 4; lastKnownFileType = sourcecode.c.objc; path = SGCollectionViewController.m; sourceTree = "<group>"; };
		B040BA481984796700B1DEA5 /* SGReceita.h */ = {isa = PBXFileReference; fileEncoding = 4; lastKnownFileType = sourcecode.c.h; path = SGReceita.h; sourceTree = "<group>"; };
		B040BA491984796700B1DEA5 /* SGReceita.m */ = {isa = PBXFileReference; fileEncoding = 4; lastKnownFileType = sourcecode.c.objc; path = SGReceita.m; sourceTree = "<group>"; };
		B040BA4B198488FA00B1DEA5 /* SGCollectionViewCell.h */ = {isa = PBXFileReference; fileEncoding = 4; lastKnownFileType = sourcecode.c.h; path = SGCollectionViewCell.h; sourceTree = "<group>"; };
		B040BA4C198488FA00B1DEA5 /* SGCollectionViewCell.m */ = {isa = PBXFileReference; fileEncoding = 4; lastKnownFileType = sourcecode.c.objc; path = SGCollectionViewCell.m; sourceTree = "<group>"; };
		B040BA4E19848EB100B1DEA5 /* SGDetailsViewController.h */ = {isa = PBXFileReference; fileEncoding = 4; lastKnownFileType = sourcecode.c.h; path = SGDetailsViewController.h; sourceTree = "<group>"; };
		B040BA4F19848EB100B1DEA5 /* SGDetailsViewController.m */ = {isa = PBXFileReference; fileEncoding = 4; lastKnownFileType = sourcecode.c.objc; path = SGDetailsViewController.m; sourceTree = "<group>"; };
		B05EFABD1997A1EC001006DA /* SGAddProcedimentoViewController.h */ = {isa = PBXFileReference; fileEncoding = 4; lastKnownFileType = sourcecode.c.h; path = SGAddProcedimentoViewController.h; sourceTree = "<group>"; };
		B05EFABE1997A1EC001006DA /* SGAddProcedimentoViewController.m */ = {isa = PBXFileReference; fileEncoding = 4; lastKnownFileType = sourcecode.c.objc; path = SGAddProcedimentoViewController.m; sourceTree = "<group>"; };
		B070407D1991625900D45103 /* SGAddViewController.h */ = {isa = PBXFileReference; fileEncoding = 4; lastKnownFileType = sourcecode.c.h; path = SGAddViewController.h; sourceTree = "<group>"; };
		B070407E1991625900D45103 /* SGAddViewController.m */ = {isa = PBXFileReference; fileEncoding = 4; lastKnownFileType = sourcecode.c.objc; path = SGAddViewController.m; sourceTree = "<group>"; };
		B0B59988199674EA00D8A89A /* SGAddIngredienteViewController.h */ = {isa = PBXFileReference; fileEncoding = 4; lastKnownFileType = sourcecode.c.h; path = SGAddIngredienteViewController.h; sourceTree = "<group>"; };
		B0B59989199674EA00D8A89A /* SGAddIngredienteViewController.m */ = {isa = PBXFileReference; fileEncoding = 4; lastKnownFileType = sourcecode.c.objc; path = SGAddIngredienteViewController.m; sourceTree = "<group>"; };
		B0B5998F1996781800D8A89A /* UIViewController+UIViewController_OrientationFix.h */ = {isa = PBXFileReference; fileEncoding = 4; lastKnownFileType = sourcecode.c.h; name = "UIViewController+UIViewController_OrientationFix.h"; path = "../UIViewController+UIViewController_OrientationFix.h"; sourceTree = "<group>"; };
		B0B599901996781800D8A89A /* UIViewController+UIViewController_OrientationFix.m */ = {isa = PBXFileReference; fileEncoding = 4; lastKnownFileType = sourcecode.c.objc; name = "UIViewController+UIViewController_OrientationFix.m"; path = "../UIViewController+UIViewController_OrientationFix.m"; sourceTree = "<group>"; };
		B0B599921996785000D8A89A /* UIImagePickerController+UIImagePickerController_OrientationFix.h */ = {isa = PBXFileReference; fileEncoding = 4; lastKnownFileType = sourcecode.c.h; path = "UIImagePickerController+UIImagePickerController_OrientationFix.h"; sourceTree = "<group>"; };
		B0B599931996785000D8A89A /* UIImagePickerController+UIImagePickerController_OrientationFix.m */ = {isa = PBXFileReference; fileEncoding = 4; lastKnownFileType = sourcecode.c.objc; path = "UIImagePickerController+UIImagePickerController_OrientationFix.m"; sourceTree = "<group>"; };
/* End PBXFileReference section */

/* Begin PBXFrameworksBuildPhase section */
		B040BA0919846A6E00B1DEA5 /* Frameworks */ = {
			isa = PBXFrameworksBuildPhase;
			buildActionMask = 2147483647;
			files = (
				B040BA1219846A6E00B1DEA5 /* CoreGraphics.framework in Frameworks */,
				B040BA1419846A6E00B1DEA5 /* UIKit.framework in Frameworks */,
				B040BA1019846A6E00B1DEA5 /* Foundation.framework in Frameworks */,
			);
			runOnlyForDeploymentPostprocessing = 0;
		};
		B040BA2A19846A6E00B1DEA5 /* Frameworks */ = {
			isa = PBXFrameworksBuildPhase;
			buildActionMask = 2147483647;
			files = (
				B040BA2F19846A6E00B1DEA5 /* XCTest.framework in Frameworks */,
				B040BA3119846A6E00B1DEA5 /* UIKit.framework in Frameworks */,
				B040BA3019846A6E00B1DEA5 /* Foundation.framework in Frameworks */,
			);
			runOnlyForDeploymentPostprocessing = 0;
		};
/* End PBXFrameworksBuildPhase section */

/* Begin PBXGroup section */
		B040BA0319846A6E00B1DEA5 = {
			isa = PBXGroup;
			children = (
				B040BA1519846A6E00B1DEA5 /* LivroReceitasUIC */,
				B040BA3419846A6E00B1DEA5 /* LivroReceitasUICTests */,
				B040BA0E19846A6E00B1DEA5 /* Frameworks */,
				B040BA0D19846A6E00B1DEA5 /* Products */,
			);
			sourceTree = "<group>";
		};
		B040BA0D19846A6E00B1DEA5 /* Products */ = {
			isa = PBXGroup;
			children = (
				B040BA0C19846A6E00B1DEA5 /* Livro de Receitas.app */,
				B040BA2D19846A6E00B1DEA5 /* LivroReceitasUICTests.xctest */,
			);
			name = Products;
			sourceTree = "<group>";
		};
		B040BA0E19846A6E00B1DEA5 /* Frameworks */ = {
			isa = PBXGroup;
			children = (
				B040BA0F19846A6E00B1DEA5 /* Foundation.framework */,
				B040BA1119846A6E00B1DEA5 /* CoreGraphics.framework */,
				B040BA1319846A6E00B1DEA5 /* UIKit.framework */,
				B040BA2E19846A6E00B1DEA5 /* XCTest.framework */,
			);
			name = Frameworks;
			sourceTree = "<group>";
		};
		B040BA1519846A6E00B1DEA5 /* LivroReceitasUIC */ = {
			isa = PBXGroup;
			children = (
				B040BA1E19846A6E00B1DEA5 /* SGAppDelegate.h */,
				B040BA1F19846A6E00B1DEA5 /* SGAppDelegate.m */,
				B040BA2119846A6E00B1DEA5 /* Main.storyboard */,
				B040BA2719846A6E00B1DEA5 /* Images.xcassets */,
				B040BA4419846ABB00B1DEA5 /* Classes */,
				B040BA1619846A6E00B1DEA5 /* Supporting Files */,
			);
			path = LivroReceitasUIC;
			sourceTree = "<group>";
		};
		B040BA1619846A6E00B1DEA5 /* Supporting Files */ = {
			isa = PBXGroup;
			children = (
				B040BA1719846A6E00B1DEA5 /* LivroReceitasUIC-Info.plist */,
				B040BA1819846A6E00B1DEA5 /* InfoPlist.strings */,
				B040BA1B19846A6E00B1DEA5 /* main.m */,
				B040BA1D19846A6E00B1DEA5 /* LivroReceitasUIC-Prefix.pch */,
			);
			name = "Supporting Files";
			sourceTree = "<group>";
		};
		B040BA3419846A6E00B1DEA5 /* LivroReceitasUICTests */ = {
			isa = PBXGroup;
			children = (
				B040BA3A19846A6E00B1DEA5 /* LivroReceitasUICTests.m */,
				B040BA3519846A6E00B1DEA5 /* Supporting Files */,
			);
			path = LivroReceitasUICTests;
			sourceTree = "<group>";
		};
		B040BA3519846A6E00B1DEA5 /* Supporting Files */ = {
			isa = PBXGroup;
			children = (
				B040BA3619846A6E00B1DEA5 /* LivroReceitasUICTests-Info.plist */,
				B040BA3719846A6E00B1DEA5 /* InfoPlist.strings */,
			);
			name = "Supporting Files";
			sourceTree = "<group>";
		};
		B040BA4419846ABB00B1DEA5 /* Classes */ = {
			isa = PBXGroup;
			children = (
				B070407C1991497800D45103 /* Classes */,
				B070407B1991496E00D45103 /* Controladores */,
				B0B5998B1996774300D8A89A /* Categorias */,
			);
			name = Classes;
			sourceTree = "<group>";
		};
		B070407B1991496E00D45103 /* Controladores */ = {
			isa = PBXGroup;
			children = (
				B040BA4519846E1900B1DEA5 /* SGCollectionViewController.h */,
				B040BA4619846E1900B1DEA5 /* SGCollectionViewController.m */,
				B0B5999819969FDA00D8A89A /* ADD/EDIT/DETAILS */,
			);
			name = Controladores;
			sourceTree = "<group>";
		};
		B070407C1991497800D45103 /* Classes */ = {
			isa = PBXGroup;
			children = (
				B040BA481984796700B1DEA5 /* SGReceita.h */,
				B040BA491984796700B1DEA5 /* SGReceita.m */,
				B023F3E0199475D900FCEB17 /* SGProtocols.h */,
				B023F3E1199475D900FCEB17 /* SGProtocols.m */,
				B040BA4B198488FA00B1DEA5 /* SGCollectionViewCell.h */,
				B040BA4C198488FA00B1DEA5 /* SGCollectionViewCell.m */,
			);
			name = Classes;
			sourceTree = "<group>";
		};
		B0724C2D199AA8C7004162E3 /* Procedimentos */ = {
			isa = PBXGroup;
			children = (
				B05EFABD1997A1EC001006DA /* SGAddProcedimentoViewController.h */,
				B05EFABE1997A1EC001006DA /* SGAddProcedimentoViewController.m */,
			);
			name = Procedimentos;
			sourceTree = "<group>";
		};
		B0B5998B1996774300D8A89A /* Categorias */ = {
			isa = PBXGroup;
			children = (
				B0B5998F1996781800D8A89A /* UIViewController+UIViewController_OrientationFix.h */,
				B0B599901996781800D8A89A /* UIViewController+UIViewController_OrientationFix.m */,
				B0B599921996785000D8A89A /* UIImagePickerController+UIImagePickerController_OrientationFix.h */,
				B0B599931996785000D8A89A /* UIImagePickerController+UIImagePickerController_OrientationFix.m */,
			);
			name = Categorias;
			sourceTree = "<group>";
		};
		B0B5999819969FDA00D8A89A /* ADD/EDIT/DETAILS */ = {
			isa = PBXGroup;
			children = (
				B040BA4E19848EB100B1DEA5 /* SGDetailsViewController.h */,
				B040BA4F19848EB100B1DEA5 /* SGDetailsViewController.m */,
				B070407D1991625900D45103 /* SGAddViewController.h */,
				B070407E1991625900D45103 /* SGAddViewController.m */,
				B023F3E31994843600FCEB17 /* SGEditViewController.h */,
				B023F3E41994843600FCEB17 /* SGEditViewController.m */,
				B0B599991996A01000D8A89A /* Ingredientes */,
				B0724C2D199AA8C7004162E3 /* Procedimentos */,
			);
			name = ADD/EDIT/DETAILS;
			sourceTree = "<group>";
		};
		B0B599991996A01000D8A89A /* Ingredientes */ = {
			isa = PBXGroup;
			children = (
				B0B59988199674EA00D8A89A /* SGAddIngredienteViewController.h */,
				B0B59989199674EA00D8A89A /* SGAddIngredienteViewController.m */,
			);
			name = Ingredientes;
			sourceTree = "<group>";
		};
/* End PBXGroup section */

/* Begin PBXNativeTarget section */
		B040BA0B19846A6E00B1DEA5 /* LivroReceitasUIC */ = {
			isa = PBXNativeTarget;
			buildConfigurationList = B040BA3E19846A6E00B1DEA5 /* Build configuration list for PBXNativeTarget "LivroReceitasUIC" */;
			buildPhases = (
				B040BA0819846A6E00B1DEA5 /* Sources */,
				B040BA0919846A6E00B1DEA5 /* Frameworks */,
				B040BA0A19846A6E00B1DEA5 /* Resources */,
			);
			buildRules = (
			);
			dependencies = (
			);
			name = LivroReceitasUIC;
			productName = LivroReceitasUIC;
			productReference = B040BA0C19846A6E00B1DEA5 /* Livro de Receitas.app */;
			productType = "com.apple.product-type.application";
		};
		B040BA2C19846A6E00B1DEA5 /* LivroReceitasUICTests */ = {
			isa = PBXNativeTarget;
			buildConfigurationList = B040BA4119846A6E00B1DEA5 /* Build configuration list for PBXNativeTarget "LivroReceitasUICTests" */;
			buildPhases = (
				B040BA2919846A6E00B1DEA5 /* Sources */,
				B040BA2A19846A6E00B1DEA5 /* Frameworks */,
				B040BA2B19846A6E00B1DEA5 /* Resources */,
			);
			buildRules = (
			);
			dependencies = (
				B040BA3319846A6E00B1DEA5 /* PBXTargetDependency */,
			);
			name = LivroReceitasUICTests;
			productName = LivroReceitasUICTests;
			productReference = B040BA2D19846A6E00B1DEA5 /* LivroReceitasUICTests.xctest */;
			productType = "com.apple.product-type.bundle.unit-test";
		};
/* End PBXNativeTarget section */

/* Begin PBXProject section */
		B040BA0419846A6E00B1DEA5 /* Project object */ = {
			isa = PBXProject;
			attributes = {
				CLASSPREFIX = SG;
				LastUpgradeCheck = 0510;
				ORGANIZATIONNAME = Shinigami;
				TargetAttributes = {
					B040BA0B19846A6E00B1DEA5 = {
						DevelopmentTeam = 8NMTTAYVFF;
					};
					B040BA2C19846A6E00B1DEA5 = {
						TestTargetID = B040BA0B19846A6E00B1DEA5;
					};
				};
			};
			buildConfigurationList = B040BA0719846A6E00B1DEA5 /* Build configuration list for PBXProject "LivroReceitasUIC" */;
			compatibilityVersion = "Xcode 3.2";
			developmentRegion = English;
			hasScannedForEncodings = 0;
			knownRegions = (
				en,
				Base,
			);
			mainGroup = B040BA0319846A6E00B1DEA5;
			productRefGroup = B040BA0D19846A6E00B1DEA5 /* Products */;
			projectDirPath = "";
			projectRoot = "";
			targets = (
				B040BA0B19846A6E00B1DEA5 /* LivroReceitasUIC */,
				B040BA2C19846A6E00B1DEA5 /* LivroReceitasUICTests */,
			);
		};
/* End PBXProject section */

/* Begin PBXResourcesBuildPhase section */
		B040BA0A19846A6E00B1DEA5 /* Resources */ = {
			isa = PBXResourcesBuildPhase;
			buildActionMask = 2147483647;
			files = (
				B040BA2819846A6E00B1DEA5 /* Images.xcassets in Resources */,
				B040BA1A19846A6E00B1DEA5 /* InfoPlist.strings in Resources */,
				B040BA2319846A6E00B1DEA5 /* Main.storyboard in Resources */,
			);
			runOnlyForDeploymentPostprocessing = 0;
		};
		B040BA2B19846A6E00B1DEA5 /* Resources */ = {
			isa = PBXResourcesBuildPhase;
			buildActionMask = 2147483647;
			files = (
				B040BA3919846A6E00B1DEA5 /* InfoPlist.strings in Resources */,
			);
			runOnlyForDeploymentPostprocessing = 0;
		};
/* End PBXResourcesBuildPhase section */

/* Begin PBXSourcesBuildPhase section */
		B040BA0819846A6E00B1DEA5 /* Sources */ = {
			isa = PBXSourcesBuildPhase;
			buildActionMask = 2147483647;
			files = (
				B0B5998A199674EA00D8A89A /* SGAddIngredienteViewController.m in Sources */,
				B040BA4719846E1900B1DEA5 /* SGCollectionViewController.m in Sources */,
				B040BA2019846A6E00B1DEA5 /* SGAppDelegate.m in Sources */,
				B070407F1991625900D45103 /* SGAddViewController.m in Sources */,
				B0B599941996785000D8A89A /* UIImagePickerController+UIImagePickerController_OrientationFix.m in Sources */,
				B040BA4A1984796700B1DEA5 /* SGReceita.m in Sources */,
				B040BA4D198488FA00B1DEA5 /* SGCollectionViewCell.m in Sources */,
				B040BA1C19846A6E00B1DEA5 /* main.m in Sources */,
				B05EFABF1997A1EC001006DA /* SGAddProcedimentoViewController.m in Sources */,
				B023F3E51994843600FCEB17 /* SGEditViewController.m in Sources */,
				B0B599911996781800D8A89A /* UIViewController+UIViewController_OrientationFix.m in Sources */,
				B040BA5019848EB100B1DEA5 /* SGDetailsViewController.m in Sources */,
				B023F3E2199475D900FCEB17 /* SGProtocols.m in Sources */,
			);
			runOnlyForDeploymentPostprocessing = 0;
		};
		B040BA2919846A6E00B1DEA5 /* Sources */ = {
			isa = PBXSourcesBuildPhase;
			buildActionMask = 2147483647;
			files = (
				B040BA3B19846A6E00B1DEA5 /* LivroReceitasUICTests.m in Sources */,
			);
			runOnlyForDeploymentPostprocessing = 0;
		};
/* End PBXSourcesBuildPhase section */

/* Begin PBXTargetDependency section */
		B040BA3319846A6E00B1DEA5 /* PBXTargetDependency */ = {
			isa = PBXTargetDependency;
			target = B040BA0B19846A6E00B1DEA5 /* LivroReceitasUIC */;
			targetProxy = B040BA3219846A6E00B1DEA5 /* PBXContainerItemProxy */;
		};
/* End PBXTargetDependency section */

/* Begin PBXVariantGroup section */
		B040BA1819846A6E00B1DEA5 /* InfoPlist.strings */ = {
			isa = PBXVariantGroup;
			children = (
				B040BA1919846A6E00B1DEA5 /* en */,
			);
			name = InfoPlist.strings;
			sourceTree = "<group>";
		};
		B040BA2119846A6E00B1DEA5 /* Main.storyboard */ = {
			isa = PBXVariantGroup;
			children = (
				B040BA2219846A6E00B1DEA5 /* Base */,
			);
			name = Main.storyboard;
			sourceTree = "<group>";
		};
		B040BA3719846A6E00B1DEA5 /* InfoPlist.strings */ = {
			isa = PBXVariantGroup;
			children = (
				B040BA3819846A6E00B1DEA5 /* en */,
			);
			name = InfoPlist.strings;
			sourceTree = "<group>";
		};
/* End PBXVariantGroup section */

/* Begin XCBuildConfiguration section */
		B040BA3C19846A6E00B1DEA5 /* Debug */ = {
			isa = XCBuildConfiguration;
			buildSettings = {
				ALWAYS_SEARCH_USER_PATHS = NO;
				CLANG_CXX_LANGUAGE_STANDARD = "gnu++0x";
				CLANG_CXX_LIBRARY = "libc++";
				CLANG_ENABLE_MODULES = YES;
				CLANG_ENABLE_OBJC_ARC = YES;
				CLANG_WARN_BOOL_CONVERSION = YES;
				CLANG_WARN_CONSTANT_CONVERSION = YES;
				CLANG_WARN_DIRECT_OBJC_ISA_USAGE = YES_ERROR;
				CLANG_WARN_EMPTY_BODY = YES;
				CLANG_WARN_ENUM_CONVERSION = YES;
				CLANG_WARN_INT_CONVERSION = YES;
				CLANG_WARN_OBJC_ROOT_CLASS = YES_ERROR;
				CLANG_WARN__DUPLICATE_METHOD_MATCH = YES;
				"CODE_SIGN_IDENTITY[sdk=iphoneos*]" = "iPhone Developer";
				COPY_PHASE_STRIP = NO;
				GCC_C_LANGUAGE_STANDARD = gnu99;
				GCC_DYNAMIC_NO_PIC = NO;
				GCC_OPTIMIZATION_LEVEL = 0;
				GCC_PREPROCESSOR_DEFINITIONS = (
					"DEBUG=1",
					"$(inherited)",
				);
				GCC_SYMBOLS_PRIVATE_EXTERN = NO;
				GCC_WARN_64_TO_32_BIT_CONVERSION = YES;
				GCC_WARN_ABOUT_RETURN_TYPE = YES_ERROR;
				GCC_WARN_UNDECLARED_SELECTOR = YES;
				GCC_WARN_UNINITIALIZED_AUTOS = YES_AGGRESSIVE;
				GCC_WARN_UNUSED_FUNCTION = YES;
				GCC_WARN_UNUSED_VARIABLE = YES;
				IPHONEOS_DEPLOYMENT_TARGET = 7.1;
				ONLY_ACTIVE_ARCH = YES;
				SDKROOT = iphoneos;
				TARGETED_DEVICE_FAMILY = 2;
			};
			name = Debug;
		};
		B040BA3D19846A6E00B1DEA5 /* Release */ = {
			isa = XCBuildConfiguration;
			buildSettings = {
				ALWAYS_SEARCH_USER_PATHS = NO;
				CLANG_CXX_LANGUAGE_STANDARD = "gnu++0x";
				CLANG_CXX_LIBRARY = "libc++";
				CLANG_ENABLE_MODULES = YES;
				CLANG_ENABLE_OBJC_ARC = YES;
				CLANG_WARN_BOOL_CONVERSION = YES;
				CLANG_WARN_CONSTANT_CONVERSION = YES;
				CLANG_WARN_DIRECT_OBJC_ISA_USAGE = YES_ERROR;
				CLANG_WARN_EMPTY_BODY = YES;
				CLANG_WARN_ENUM_CONVERSION = YES;
				CLANG_WARN_INT_CONVERSION = YES;
				CLANG_WARN_OBJC_ROOT_CLASS = YES_ERROR;
				CLANG_WARN__DUPLICATE_METHOD_MATCH = YES;
				"CODE_SIGN_IDENTITY[sdk=iphoneos*]" = "iPhone Developer";
				COPY_PHASE_STRIP = YES;
				ENABLE_NS_ASSERTIONS = NO;
				GCC_C_LANGUAGE_STANDARD = gnu99;
				GCC_WARN_64_TO_32_BIT_CONVERSION = YES;
				GCC_WARN_ABOUT_RETURN_TYPE = YES_ERROR;
				GCC_WARN_UNDECLARED_SELECTOR = YES;
				GCC_WARN_UNINITIALIZED_AUTOS = YES_AGGRESSIVE;
				GCC_WARN_UNUSED_FUNCTION = YES;
				GCC_WARN_UNUSED_VARIABLE = YES;
				IPHONEOS_DEPLOYMENT_TARGET = 7.1;
				SDKROOT = iphoneos;
				TARGETED_DEVICE_FAMILY = 2;
				VALIDATE_PRODUCT = YES;
			};
			name = Release;
		};
		B040BA3F19846A6E00B1DEA5 /* Debug */ = {
			isa = XCBuildConfiguration;
			buildSettings = {
				ASSETCATALOG_COMPILER_APPICON_NAME = AppIcon;
				ASSETCATALOG_COMPILER_LAUNCHIMAGE_NAME = LaunchImage;
				CODE_SIGN_IDENTITY = "iPhone Developer";
				GCC_PRECOMPILE_PREFIX_HEADER = YES;
				GCC_PREFIX_HEADER = "LivroReceitasUIC/LivroReceitasUIC-Prefix.pch";
				INFOPLIST_FILE = "LivroReceitasUIC/LivroReceitasUIC-Info.plist";
				PRODUCT_NAME = "Livro de Receitas";
				WRAPPER_EXTENSION = app;
			};
			name = Debug;
		};
		B040BA4019846A6E00B1DEA5 /* Release */ = {
			isa = XCBuildConfiguration;
			buildSettings = {
				ASSETCATALOG_COMPILER_APPICON_NAME = AppIcon;
				ASSETCATALOG_COMPILER_LAUNCHIMAGE_NAME = LaunchImage;
				CODE_SIGN_IDENTITY = "iPhone Developer";
				GCC_PRECOMPILE_PREFIX_HEADER = YES;
				GCC_PREFIX_HEADER = "LivroReceitasUIC/LivroReceitasUIC-Prefix.pch";
				INFOPLIST_FILE = "LivroReceitasUIC/LivroReceitasUIC-Info.plist";
				PRODUCT_NAME = "Livro de Receitas";
				WRAPPER_EXTENSION = app;
			};
			name = Release;
		};
		B040BA4219846A6E00B1DEA5 /* Debug */ = {
			isa = XCBuildConfiguration;
			buildSettings = {
				BUNDLE_LOADER = "$(BUILT_PRODUCTS_DIR)/LivroReceitasUIC.app/LivroReceitasUIC";
				FRAMEWORK_SEARCH_PATHS = (
					"$(SDKROOT)/Developer/Library/Frameworks",
					"$(inherited)",
					"$(DEVELOPER_FRAMEWORKS_DIR)",
				);
				GCC_PRECOMPILE_PREFIX_HEADER = YES;
				GCC_PREFIX_HEADER = "LivroReceitasUIC/LivroReceitasUIC-Prefix.pch";
				GCC_PREPROCESSOR_DEFINITIONS = (
					"DEBUG=1",
					"$(inherited)",
				);
				INFOPLIST_FILE = "LivroReceitasUICTests/LivroReceitasUICTests-Info.plist";
				PRODUCT_NAME = "$(TARGET_NAME)";
				TEST_HOST = "$(BUNDLE_LOADER)";
				WRAPPER_EXTENSION = xctest;
			};
			name = Debug;
		};
		B040BA4319846A6E00B1DEA5 /* Release */ = {
			isa = XCBuildConfiguration;
			buildSettings = {
				BUNDLE_LOADER = "$(BUILT_PRODUCTS_DIR)/LivroReceitasUIC.app/LivroReceitasUIC";
				FRAMEWORK_SEARCH_PATHS = (
					"$(SDKROOT)/Developer/Library/Frameworks",
					"$(inherited)",
					"$(DEVELOPER_FRAMEWORKS_DIR)",
				);
				GCC_PRECOMPILE_PREFIX_HEADER = YES;
				GCC_PREFIX_HEADER = "LivroReceitasUIC/LivroReceitasUIC-Prefix.pch";
				INFOPLIST_FILE = "LivroReceitasUICTests/LivroReceitasUICTests-Info.plist";
				PRODUCT_NAME = "$(TARGET_NAME)";
				TEST_HOST = "$(BUNDLE_LOADER)";
				WRAPPER_EXTENSION = xctest;
			};
			name = Release;
		};
/* End XCBuildConfiguration section */

/* Begin XCConfigurationList section */
		B040BA0719846A6E00B1DEA5 /* Build configuration list for PBXProject "LivroReceitasUIC" */ = {
			isa = XCConfigurationList;
			buildConfigurations = (
				B040BA3C19846A6E00B1DEA5 /* Debug */,
				B040BA3D19846A6E00B1DEA5 /* Release */,
			);
			defaultConfigurationIsVisible = 0;
			defaultConfigurationName = Release;
		};
		B040BA3E19846A6E00B1DEA5 /* Build configuration list for PBXNativeTarget "LivroReceitasUIC" */ = {
			isa = XCConfigurationList;
			buildConfigurations = (
				B040BA3F19846A6E00B1DEA5 /* Debug */,
				B040BA4019846A6E00B1DEA5 /* Release */,
			);
			defaultConfigurationIsVisible = 0;
			defaultConfigurationName = Release;
		};
		B040BA4119846A6E00B1DEA5 /* Build configuration list for PBXNativeTarget "LivroReceitasUICTests" */ = {
			isa = XCConfigurationList;
			buildConfigurations = (
				B040BA4219846A6E00B1DEA5 /* Debug */,
				B040BA4319846A6E00B1DEA5 /* Release */,
			);
			defaultConfigurationIsVisible = 0;
			defaultConfigurationName = Release;
		};
/* End XCConfigurationList section */
	};
	rootObject = B040BA0419846A6E00B1DEA5 /* Project object */;
}
